// !$*UTF8*$!
{
	archiveVersion = 1;
	classes = {
	};
	objectVersion = 55;
	objects = {

/* Begin PBXBuildFile section */
		C2F1349D277B4ACA0066075F /* dailozApp.swift in Sources */ = {isa = PBXBuildFile; fileRef = C2F1349C277B4ACA0066075F /* dailozApp.swift */; };
		C2F1349F277B4ACA0066075F /* ContentView.swift in Sources */ = {isa = PBXBuildFile; fileRef = C2F1349E277B4ACA0066075F /* ContentView.swift */; };
		C2F134A1277B4ACD0066075F /* Assets.xcassets in Resources */ = {isa = PBXBuildFile; fileRef = C2F134A0277B4ACD0066075F /* Assets.xcassets */; };
		C2F134A4277B4ACD0066075F /* Preview Assets.xcassets in Resources */ = {isa = PBXBuildFile; fileRef = C2F134A3277B4ACD0066075F /* Preview Assets.xcassets */; };
		C2F134AE277B4ACD0066075F /* dailozTests.swift in Sources */ = {isa = PBXBuildFile; fileRef = C2F134AD277B4ACD0066075F /* dailozTests.swift */; };
		C2F134B8277B4ACD0066075F /* dailozUITests.swift in Sources */ = {isa = PBXBuildFile; fileRef = C2F134B7277B4ACD0066075F /* dailozUITests.swift */; };
		C2F134BA277B4ACD0066075F /* dailozUITestsLaunchTests.swift in Sources */ = {isa = PBXBuildFile; fileRef = C2F134B9277B4ACD0066075F /* dailozUITestsLaunchTests.swift */; };
		C2F134CA277B52E30066075F /* CardView.swift in Sources */ = {isa = PBXBuildFile; fileRef = C2F134C9277B52E30066075F /* CardView.swift */; };
		C2F134CC277B61520066075F /* BtmTabbar.swift in Sources */ = {isa = PBXBuildFile; fileRef = C2F134CB277B61520066075F /* BtmTabbar.swift */; };
		C2F134CE277B62100066075F /* HomeView.swift in Sources */ = {isa = PBXBuildFile; fileRef = C2F134CD277B62100066075F /* HomeView.swift */; };
		C2F134D0277B76480066075F /* TasksCard.swift in Sources */ = {isa = PBXBuildFile; fileRef = C2F134CF277B76480066075F /* TasksCard.swift */; };
		C2F134D2277B7EC70066075F /* TasksView.swift in Sources */ = {isa = PBXBuildFile; fileRef = C2F134D1277B7EC70066075F /* TasksView.swift */; };
/* End PBXBuildFile section */

/* Begin PBXContainerItemProxy section */
		C2F134AA277B4ACD0066075F /* PBXContainerItemProxy */ = {
			isa = PBXContainerItemProxy;
			containerPortal = C2F13491277B4ACA0066075F /* Project object */;
			proxyType = 1;
			remoteGlobalIDString = C2F13498277B4ACA0066075F;
			remoteInfo = dailoz;
		};
		C2F134B4277B4ACD0066075F /* PBXContainerItemProxy */ = {
			isa = PBXContainerItemProxy;
			containerPortal = C2F13491277B4ACA0066075F /* Project object */;
			proxyType = 1;
			remoteGlobalIDString = C2F13498277B4ACA0066075F;
			remoteInfo = dailoz;
		};
/* End PBXContainerItemProxy section */

/* Begin PBXFileReference section */
		C2F13499277B4ACA0066075F /* dailoz.app */ = {isa = PBXFileReference; explicitFileType = wrapper.application; includeInIndex = 0; path = dailoz.app; sourceTree = BUILT_PRODUCTS_DIR; };
		C2F1349C277B4ACA0066075F /* dailozApp.swift */ = {isa = PBXFileReference; lastKnownFileType = sourcecode.swift; path = dailozApp.swift; sourceTree = "<group>"; };
		C2F1349E277B4ACA0066075F /* ContentView.swift */ = {isa = PBXFileReference; lastKnownFileType = sourcecode.swift; path = ContentView.swift; sourceTree = "<group>"; };
		C2F134A0277B4ACD0066075F /* Assets.xcassets */ = {isa = PBXFileReference; lastKnownFileType = folder.assetcatalog; path = Assets.xcassets; sourceTree = "<group>"; };
		C2F134A3277B4ACD0066075F /* Preview Assets.xcassets */ = {isa = PBXFileReference; lastKnownFileType = folder.assetcatalog; path = "Preview Assets.xcassets"; sourceTree = "<group>"; };
		C2F134A9277B4ACD0066075F /* dailozTests.xctest */ = {isa = PBXFileReference; explicitFileType = wrapper.cfbundle; includeInIndex = 0; path = dailozTests.xctest; sourceTree = BUILT_PRODUCTS_DIR; };
		C2F134AD277B4ACD0066075F /* dailozTests.swift */ = {isa = PBXFileReference; lastKnownFileType = sourcecode.swift; path = dailozTests.swift; sourceTree = "<group>"; };
		C2F134B3277B4ACD0066075F /* dailozUITests.xctest */ = {isa = PBXFileReference; explicitFileType = wrapper.cfbundle; includeInIndex = 0; path = dailozUITests.xctest; sourceTree = BUILT_PRODUCTS_DIR; };
		C2F134B7277B4ACD0066075F /* dailozUITests.swift */ = {isa = PBXFileReference; lastKnownFileType = sourcecode.swift; path = dailozUITests.swift; sourceTree = "<group>"; };
		C2F134B9277B4ACD0066075F /* dailozUITestsLaunchTests.swift */ = {isa = PBXFileReference; lastKnownFileType = sourcecode.swift; path = dailozUITestsLaunchTests.swift; sourceTree = "<group>"; };
		C2F134C9277B52E30066075F /* CardView.swift */ = {isa = PBXFileReference; lastKnownFileType = sourcecode.swift; path = CardView.swift; sourceTree = "<group>"; };
		C2F134CB277B61520066075F /* BtmTabbar.swift */ = {isa = PBXFileReference; lastKnownFileType = sourcecode.swift; path = BtmTabbar.swift; sourceTree = "<group>"; };
		C2F134CD277B62100066075F /* HomeView.swift */ = {isa = PBXFileReference; lastKnownFileType = sourcecode.swift; path = HomeView.swift; sourceTree = "<group>"; };
		C2F134CF277B76480066075F /* TasksCard.swift */ = {isa = PBXFileReference; lastKnownFileType = sourcecode.swift; path = TasksCard.swift; sourceTree = "<group>"; };
		C2F134D1277B7EC70066075F /* TasksView.swift */ = {isa = PBXFileReference; lastKnownFileType = sourcecode.swift; path = TasksView.swift; sourceTree = "<group>"; };
/* End PBXFileReference section */

/* Begin PBXFrameworksBuildPhase section */
		C2F13496277B4ACA0066075F /* Frameworks */ = {
			isa = PBXFrameworksBuildPhase;
			buildActionMask = 2147483647;
			files = (
			);
			runOnlyForDeploymentPostprocessing = 0;
		};
		C2F134A6277B4ACD0066075F /* Frameworks */ = {
			isa = PBXFrameworksBuildPhase;
			buildActionMask = 2147483647;
			files = (
			);
			runOnlyForDeploymentPostprocessing = 0;
		};
		C2F134B0277B4ACD0066075F /* Frameworks */ = {
			isa = PBXFrameworksBuildPhase;
			buildActionMask = 2147483647;
			files = (
			);
			runOnlyForDeploymentPostprocessing = 0;
		};
/* End PBXFrameworksBuildPhase section */

/* Begin PBXGroup section */
		C2F13490277B4ACA0066075F = {
			isa = PBXGroup;
			children = (
				C2F1349B277B4ACA0066075F /* dailoz */,
				C2F134AC277B4ACD0066075F /* dailozTests */,
				C2F134B6277B4ACD0066075F /* dailozUITests */,
				C2F1349A277B4ACA0066075F /* Products */,
			);
			sourceTree = "<group>";
		};
		C2F1349A277B4ACA0066075F /* Products */ = {
			isa = PBXGroup;
			children = (
				C2F13499277B4ACA0066075F /* dailoz.app */,
				C2F134A9277B4ACD0066075F /* dailozTests.xctest */,
				C2F134B3277B4ACD0066075F /* dailozUITests.xctest */,
			);
			name = Products;
			sourceTree = "<group>";
		};
		C2F1349B277B4ACA0066075F /* dailoz */ = {
			isa = PBXGroup;
			children = (
				C2F134C6277B52AF0066075F /* views */,
				C2F1349C277B4ACA0066075F /* dailozApp.swift */,
				C2F134A0277B4ACD0066075F /* Assets.xcassets */,
				C2F134A2277B4ACD0066075F /* Preview Content */,
			);
			path = dailoz;
			sourceTree = "<group>";
		};
		C2F134A2277B4ACD0066075F /* Preview Content */ = {
			isa = PBXGroup;
			children = (
				C2F134A3277B4ACD0066075F /* Preview Assets.xcassets */,
			);
			path = "Preview Content";
			sourceTree = "<group>";
		};
		C2F134AC277B4ACD0066075F /* dailozTests */ = {
			isa = PBXGroup;
			children = (
				C2F134AD277B4ACD0066075F /* dailozTests.swift */,
			);
			path = dailozTests;
			sourceTree = "<group>";
		};
		C2F134B6277B4ACD0066075F /* dailozUITests */ = {
			isa = PBXGroup;
			children = (
				C2F134B7277B4ACD0066075F /* dailozUITests.swift */,
				C2F134B9277B4ACD0066075F /* dailozUITestsLaunchTests.swift */,
			);
			path = dailozUITests;
			sourceTree = "<group>";
		};
		C2F134C6277B52AF0066075F /* views */ = {
			isa = PBXGroup;
			children = (
				C2F134D1277B7EC70066075F /* TasksView.swift */,
				C2F134C9277B52E30066075F /* CardView.swift */,
				C2F134CB277B61520066075F /* BtmTabbar.swift */,
				C2F134CD277B62100066075F /* HomeView.swift */,
				C2F134CF277B76480066075F /* TasksCard.swift */,
				C2F1349E277B4ACA0066075F /* ContentView.swift */,
			);
			path = views;
			sourceTree = "<group>";
		};
/* End PBXGroup section */

/* Begin PBXNativeTarget section */
		C2F13498277B4ACA0066075F /* dailoz */ = {
			isa = PBXNativeTarget;
			buildConfigurationList = C2F134BD277B4ACD0066075F /* Build configuration list for PBXNativeTarget "dailoz" */;
			buildPhases = (
				C2F13495277B4ACA0066075F /* Sources */,
				C2F13496277B4ACA0066075F /* Frameworks */,
				C2F13497277B4ACA0066075F /* Resources */,
			);
			buildRules = (
			);
			dependencies = (
			);
			name = dailoz;
			productName = dailoz;
			productReference = C2F13499277B4ACA0066075F /* dailoz.app */;
			productType = "com.apple.product-type.application";
		};
		C2F134A8277B4ACD0066075F /* dailozTests */ = {
			isa = PBXNativeTarget;
			buildConfigurationList = C2F134C0277B4ACD0066075F /* Build configuration list for PBXNativeTarget "dailozTests" */;
			buildPhases = (
				C2F134A5277B4ACD0066075F /* Sources */,
				C2F134A6277B4ACD0066075F /* Frameworks */,
				C2F134A7277B4ACD0066075F /* Resources */,
			);
			buildRules = (
			);
			dependencies = (
				C2F134AB277B4ACD0066075F /* PBXTargetDependency */,
			);
			name = dailozTests;
			productName = dailozTests;
			productReference = C2F134A9277B4ACD0066075F /* dailozTests.xctest */;
			productType = "com.apple.product-type.bundle.unit-test";
		};
		C2F134B2277B4ACD0066075F /* dailozUITests */ = {
			isa = PBXNativeTarget;
			buildConfigurationList = C2F134C3277B4ACD0066075F /* Build configuration list for PBXNativeTarget "dailozUITests" */;
			buildPhases = (
				C2F134AF277B4ACD0066075F /* Sources */,
				C2F134B0277B4ACD0066075F /* Frameworks */,
				C2F134B1277B4ACD0066075F /* Resources */,
			);
			buildRules = (
			);
			dependencies = (
				C2F134B5277B4ACD0066075F /* PBXTargetDependency */,
			);
			name = dailozUITests;
			productName = dailozUITests;
			productReference = C2F134B3277B4ACD0066075F /* dailozUITests.xctest */;
			productType = "com.apple.product-type.bundle.ui-testing";
		};
/* End PBXNativeTarget section */

/* Begin PBXProject section */
		C2F13491277B4ACA0066075F /* Project object */ = {
			isa = PBXProject;
			attributes = {
				BuildIndependentTargetsInParallel = 1;
				LastSwiftUpdateCheck = 1320;
				LastUpgradeCheck = 1320;
				TargetAttributes = {
					C2F13498277B4ACA0066075F = {
						CreatedOnToolsVersion = 13.2.1;
					};
					C2F134A8277B4ACD0066075F = {
						CreatedOnToolsVersion = 13.2.1;
						TestTargetID = C2F13498277B4ACA0066075F;
					};
					C2F134B2277B4ACD0066075F = {
						CreatedOnToolsVersion = 13.2.1;
						TestTargetID = C2F13498277B4ACA0066075F;
					};
				};
			};
			buildConfigurationList = C2F13494277B4ACA0066075F /* Build configuration list for PBXProject "dailoz" */;
			compatibilityVersion = "Xcode 13.0";
			developmentRegion = en;
			hasScannedForEncodings = 0;
			knownRegions = (
				en,
				Base,
			);
			mainGroup = C2F13490277B4ACA0066075F;
			productRefGroup = C2F1349A277B4ACA0066075F /* Products */;
			projectDirPath = "";
			projectRoot = "";
			targets = (
				C2F13498277B4ACA0066075F /* dailoz */,
				C2F134A8277B4ACD0066075F /* dailozTests */,
				C2F134B2277B4ACD0066075F /* dailozUITests */,
			);
		};
/* End PBXProject section */

/* Begin PBXResourcesBuildPhase section */
		C2F13497277B4ACA0066075F /* Resources */ = {
			isa = PBXResourcesBuildPhase;
			buildActionMask = 2147483647;
			files = (
				C2F134A4277B4ACD0066075F /* Preview Assets.xcassets in Resources */,
				C2F134A1277B4ACD0066075F /* Assets.xcassets in Resources */,
			);
			runOnlyForDeploymentPostprocessing = 0;
		};
		C2F134A7277B4ACD0066075F /* Resources */ = {
			isa = PBXResourcesBuildPhase;
			buildActionMask = 2147483647;
			files = (
			);
			runOnlyForDeploymentPostprocessing = 0;
		};
		C2F134B1277B4ACD0066075F /* Resources */ = {
			isa = PBXResourcesBuildPhase;
			buildActionMask = 2147483647;
			files = (
			);
			runOnlyForDeploymentPostprocessing = 0;
		};
/* End PBXResourcesBuildPhase section */

/* Begin PBXSourcesBuildPhase section */
		C2F13495277B4ACA0066075F /* Sources */ = {
			isa = PBXSourcesBuildPhase;
			buildActionMask = 2147483647;
			files = (
				C2F1349F277B4ACA0066075F /* ContentView.swift in Sources */,
				C2F134CC277B61520066075F /* BtmTabbar.swift in Sources */,
				C2F134D0277B76480066075F /* TasksCard.swift in Sources */,
				C2F134D2277B7EC70066075F /* TasksView.swift in Sources */,
				C2F134CA277B52E30066075F /* CardView.swift in Sources */,
				C2F134CE277B62100066075F /* HomeView.swift in Sources */,
				C2F1349D277B4ACA0066075F /* dailozApp.swift in Sources */,
			);
			runOnlyForDeploymentPostprocessing = 0;
		};
		C2F134A5277B4ACD0066075F /* Sources */ = {
			isa = PBXSourcesBuildPhase;
			buildActionMask = 2147483647;
			files = (
				C2F134AE277B4ACD0066075F /* dailozTests.swift in Sources */,
			);
			runOnlyForDeploymentPostprocessing = 0;
		};
		C2F134AF277B4ACD0066075F /* Sources */ = {
			isa = PBXSourcesBuildPhase;
			buildActionMask = 2147483647;
			files = (
				C2F134B8277B4ACD0066075F /* dailozUITests.swift in Sources */,
				C2F134BA277B4ACD0066075F /* dailozUITestsLaunchTests.swift in Sources */,
			);
			runOnlyForDeploymentPostprocessing = 0;
		};
/* End PBXSourcesBuildPhase section */

/* Begin PBXTargetDependency section */
		C2F134AB277B4ACD0066075F /* PBXTargetDependency */ = {
			isa = PBXTargetDependency;
			target = C2F13498277B4ACA0066075F /* dailoz */;
			targetProxy = C2F134AA277B4ACD0066075F /* PBXContainerItemProxy */;
		};
		C2F134B5277B4ACD0066075F /* PBXTargetDependency */ = {
			isa = PBXTargetDependency;
			target = C2F13498277B4ACA0066075F /* dailoz */;
			targetProxy = C2F134B4277B4ACD0066075F /* PBXContainerItemProxy */;
		};
/* End PBXTargetDependency section */

/* Begin XCBuildConfiguration section */
		C2F134BB277B4ACD0066075F /* Debug */ = {
			isa = XCBuildConfiguration;
			buildSettings = {
				ALWAYS_SEARCH_USER_PATHS = NO;
				CLANG_ANALYZER_NONNULL = YES;
				CLANG_ANALYZER_NUMBER_OBJECT_CONVERSION = YES_AGGRESSIVE;
				CLANG_CXX_LANGUAGE_STANDARD = "gnu++17";
				CLANG_CXX_LIBRARY = "libc++";
				CLANG_ENABLE_MODULES = YES;
				CLANG_ENABLE_OBJC_ARC = YES;
				CLANG_ENABLE_OBJC_WEAK = YES;
				CLANG_WARN_BLOCK_CAPTURE_AUTORELEASING = YES;
				CLANG_WARN_BOOL_CONVERSION = YES;
				CLANG_WARN_COMMA = YES;
				CLANG_WARN_CONSTANT_CONVERSION = YES;
				CLANG_WARN_DEPRECATED_OBJC_IMPLEMENTATIONS = YES;
				CLANG_WARN_DIRECT_OBJC_ISA_USAGE = YES_ERROR;
				CLANG_WARN_DOCUMENTATION_COMMENTS = YES;
				CLANG_WARN_EMPTY_BODY = YES;
				CLANG_WARN_ENUM_CONVERSION = YES;
				CLANG_WARN_INFINITE_RECURSION = YES;
				CLANG_WARN_INT_CONVERSION = YES;
				CLANG_WARN_NON_LITERAL_NULL_CONVERSION = YES;
				CLANG_WARN_OBJC_IMPLICIT_RETAIN_SELF = YES;
				CLANG_WARN_OBJC_LITERAL_CONVERSION = YES;
				CLANG_WARN_OBJC_ROOT_CLASS = YES_ERROR;
				CLANG_WARN_QUOTED_INCLUDE_IN_FRAMEWORK_HEADER = YES;
				CLANG_WARN_RANGE_LOOP_ANALYSIS = YES;
				CLANG_WARN_STRICT_PROTOTYPES = YES;
				CLANG_WARN_SUSPICIOUS_MOVE = YES;
				CLANG_WARN_UNGUARDED_AVAILABILITY = YES_AGGRESSIVE;
				CLANG_WARN_UNREACHABLE_CODE = YES;
				CLANG_WARN__DUPLICATE_METHOD_MATCH = YES;
				COPY_PHASE_STRIP = NO;
				DEBUG_INFORMATION_FORMAT = dwarf;
				ENABLE_STRICT_OBJC_MSGSEND = YES;
				ENABLE_TESTABILITY = YES;
				GCC_C_LANGUAGE_STANDARD = gnu11;
				GCC_DYNAMIC_NO_PIC = NO;
				GCC_NO_COMMON_BLOCKS = YES;
				GCC_OPTIMIZATION_LEVEL = 0;
				GCC_PREPROCESSOR_DEFINITIONS = (
					"DEBUG=1",
					"$(inherited)",
				);
				GCC_WARN_64_TO_32_BIT_CONVERSION = YES;
				GCC_WARN_ABOUT_RETURN_TYPE = YES_ERROR;
				GCC_WARN_UNDECLARED_SELECTOR = YES;
				GCC_WARN_UNINITIALIZED_AUTOS = YES_AGGRESSIVE;
				GCC_WARN_UNUSED_FUNCTION = YES;
				GCC_WARN_UNUSED_VARIABLE = YES;
				IPHONEOS_DEPLOYMENT_TARGET = 15.2;
				MTL_ENABLE_DEBUG_INFO = INCLUDE_SOURCE;
				MTL_FAST_MATH = YES;
				ONLY_ACTIVE_ARCH = YES;
				SDKROOT = iphoneos;
				SWIFT_ACTIVE_COMPILATION_CONDITIONS = DEBUG;
				SWIFT_OPTIMIZATION_LEVEL = "-Onone";
			};
			name = Debug;
		};
		C2F134BC277B4ACD0066075F /* Release */ = {
			isa = XCBuildConfiguration;
			buildSettings = {
				ALWAYS_SEARCH_USER_PATHS = NO;
				CLANG_ANALYZER_NONNULL = YES;
				CLANG_ANALYZER_NUMBER_OBJECT_CONVERSION = YES_AGGRESSIVE;
				CLANG_CXX_LANGUAGE_STANDARD = "gnu++17";
				CLANG_CXX_LIBRARY = "libc++";
				CLANG_ENABLE_MODULES = YES;
				CLANG_ENABLE_OBJC_ARC = YES;
				CLANG_ENABLE_OBJC_WEAK = YES;
				CLANG_WARN_BLOCK_CAPTURE_AUTORELEASING = YES;
				CLANG_WARN_BOOL_CONVERSION = YES;
				CLANG_WARN_COMMA = YES;
				CLANG_WARN_CONSTANT_CONVERSION = YES;
				CLANG_WARN_DEPRECATED_OBJC_IMPLEMENTATIONS = YES;
				CLANG_WARN_DIRECT_OBJC_ISA_USAGE = YES_ERROR;
				CLANG_WARN_DOCUMENTATION_COMMENTS = YES;
				CLANG_WARN_EMPTY_BODY = YES;
				CLANG_WARN_ENUM_CONVERSION = YES;
				CLANG_WARN_INFINITE_RECURSION = YES;
				CLANG_WARN_INT_CONVERSION = YES;
				CLANG_WARN_NON_LITERAL_NULL_CONVERSION = YES;
				CLANG_WARN_OBJC_IMPLICIT_RETAIN_SELF = YES;
				CLANG_WARN_OBJC_LITERAL_CONVERSION = YES;
				CLANG_WARN_OBJC_ROOT_CLASS = YES_ERROR;
				CLANG_WARN_QUOTED_INCLUDE_IN_FRAMEWORK_HEADER = YES;
				CLANG_WARN_RANGE_LOOP_ANALYSIS = YES;
				CLANG_WARN_STRICT_PROTOTYPES = YES;
				CLANG_WARN_SUSPICIOUS_MOVE = YES;
				CLANG_WARN_UNGUARDED_AVAILABILITY = YES_AGGRESSIVE;
				CLANG_WARN_UNREACHABLE_CODE = YES;
				CLANG_WARN__DUPLICATE_METHOD_MATCH = YES;
				COPY_PHASE_STRIP = NO;
				DEBUG_INFORMATION_FORMAT = "dwarf-with-dsym";
				ENABLE_NS_ASSERTIONS = NO;
				ENABLE_STRICT_OBJC_MSGSEND = YES;
				GCC_C_LANGUAGE_STANDARD = gnu11;
				GCC_NO_COMMON_BLOCKS = YES;
				GCC_WARN_64_TO_32_BIT_CONVERSION = YES;
				GCC_WARN_ABOUT_RETURN_TYPE = YES_ERROR;
				GCC_WARN_UNDECLARED_SELECTOR = YES;
				GCC_WARN_UNINITIALIZED_AUTOS = YES_AGGRESSIVE;
				GCC_WARN_UNUSED_FUNCTION = YES;
				GCC_WARN_UNUSED_VARIABLE = YES;
				IPHONEOS_DEPLOYMENT_TARGET = 15.2;
				MTL_ENABLE_DEBUG_INFO = NO;
				MTL_FAST_MATH = YES;
				SDKROOT = iphoneos;
				SWIFT_COMPILATION_MODE = wholemodule;
				SWIFT_OPTIMIZATION_LEVEL = "-O";
				VALIDATE_PRODUCT = YES;
			};
			name = Release;
		};
		C2F134BE277B4ACD0066075F /* Debug */ = {
			isa = XCBuildConfiguration;
			buildSettings = {
				ASSETCATALOG_COMPILER_APPICON_NAME = AppIcon;
				ASSETCATALOG_COMPILER_GLOBAL_ACCENT_COLOR_NAME = AccentColor;
				CODE_SIGN_STYLE = Automatic;
				CURRENT_PROJECT_VERSION = 1;
				DEVELOPMENT_ASSET_PATHS = "\"dailoz/Preview Content\"";
				DEVELOPMENT_TEAM = W3A8C3VT74;
				ENABLE_PREVIEWS = YES;
				GENERATE_INFOPLIST_FILE = YES;
				INFOPLIST_KEY_UIApplicationSceneManifest_Generation = YES;
				INFOPLIST_KEY_UIApplicationSupportsIndirectInputEvents = YES;
				INFOPLIST_KEY_UILaunchScreen_Generation = YES;
				INFOPLIST_KEY_UISupportedInterfaceOrientations_iPad = "UIInterfaceOrientationPortrait UIInterfaceOrientationPortraitUpsideDown UIInterfaceOrientationLandscapeLeft UIInterfaceOrientationLandscapeRight";
				INFOPLIST_KEY_UISupportedInterfaceOrientations_iPhone = "UIInterfaceOrientationPortrait UIInterfaceOrientationLandscapeLeft UIInterfaceOrientationLandscapeRight";
				LD_RUNPATH_SEARCH_PATHS = (
					"$(inherited)",
					"@executable_path/Frameworks",
				);
				MARKETING_VERSION = 1.0;
				PRODUCT_BUNDLE_IDENTIFIER = dev.appslix.dailoz;
				PRODUCT_NAME = "$(TARGET_NAME)";
				SWIFT_EMIT_LOC_STRINGS = YES;
				SWIFT_VERSION = 5.0;
				TARGETED_DEVICE_FAMILY = "1,2";
			};
			name = Debug;
		};
		C2F134BF277B4ACD0066075F /* Release */ = {
			isa = XCBuildConfiguration;
			buildSettings = {
				ASSETCATALOG_COMPILER_APPICON_NAME = AppIcon;
				ASSETCATALOG_COMPILER_GLOBAL_ACCENT_COLOR_NAME = AccentColor;
				CODE_SIGN_STYLE = Automatic;
				CURRENT_PROJECT_VERSION = 1;
				DEVELOPMENT_ASSET_PATHS = "\"dailoz/Preview Content\"";
				DEVELOPMENT_TEAM = W3A8C3VT74;
				ENABLE_PREVIEWS = YES;
				GENERATE_INFOPLIST_FILE = YES;
				INFOPLIST_KEY_UIApplicationSceneManifest_Generation = YES;
				INFOPLIST_KEY_UIApplicationSupportsIndirectInputEvents = YES;
				INFOPLIST_KEY_UILaunchScreen_Generation = YES;
				INFOPLIST_KEY_UISupportedInterfaceOrientations_iPad = "UIInterfaceOrientationPortrait UIInterfaceOrientationPortraitUpsideDown UIInterfaceOrientationLandscapeLeft UIInterfaceOrientationLandscapeRight";
				INFOPLIST_KEY_UISupportedInterfaceOrientations_iPhone = "UIInterfaceOrientationPortrait UIInterfaceOrientationLandscapeLeft UIInterfaceOrientationLandscapeRight";
				LD_RUNPATH_SEARCH_PATHS = (
					"$(inherited)",
					"@executable_path/Frameworks",
				);
				MARKETING_VERSION = 1.0;
				PRODUCT_BUNDLE_IDENTIFIER = dev.appslix.dailoz;
				PRODUCT_NAME = "$(TARGET_NAME)";
				SWIFT_EMIT_LOC_STRINGS = YES;
				SWIFT_VERSION = 5.0;
				TARGETED_DEVICE_FAMILY = "1,2";
			};
			name = Release;
		};
		C2F134C1277B4ACD0066075F /* Debug */ = {
			isa = XCBuildConfiguration;
			buildSettings = {
				ALWAYS_EMBED_SWIFT_STANDARD_LIBRARIES = YES;
				BUNDLE_LOADER = "$(TEST_HOST)";
				CODE_SIGN_STYLE = Automatic;
				CURRENT_PROJECT_VERSION = 1;
				DEVELOPMENT_TEAM = W3A8C3VT74;
				GENERATE_INFOPLIST_FILE = YES;
				IPHONEOS_DEPLOYMENT_TARGET = 15.2;
				MARKETING_VERSION = 1.0;
				PRODUCT_BUNDLE_IDENTIFIER = dev.appslix.dailozTests;
				PRODUCT_NAME = "$(TARGET_NAME)";
				SWIFT_EMIT_LOC_STRINGS = NO;
				SWIFT_VERSION = 5.0;
				TARGETED_DEVICE_FAMILY = "1,2";
				TEST_HOST = "$(BUILT_PRODUCTS_DIR)/dailoz.app/dailoz";
			};
			name = Debug;
		};
		C2F134C2277B4ACD0066075F /* Release */ = {
			isa = XCBuildConfiguration;
			buildSettings = {
				ALWAYS_EMBED_SWIFT_STANDARD_LIBRARIES = YES;
				BUNDLE_LOADER = "$(TEST_HOST)";
				CODE_SIGN_STYLE = Automatic;
				CURRENT_PROJECT_VERSION = 1;
				DEVELOPMENT_TEAM = W3A8C3VT74;
				GENERATE_INFOPLIST_FILE = YES;
				IPHONEOS_DEPLOYMENT_TARGET = 15.2;
				MARKETING_VERSION = 1.0;
				PRODUCT_BUNDLE_IDENTIFIER = dev.appslix.dailozTests;
				PRODUCT_NAME = "$(TARGET_NAME)";
				SWIFT_EMIT_LOC_STRINGS = NO;
				SWIFT_VERSION = 5.0;
				TARGETED_DEVICE_FAMILY = "1,2";
				TEST_HOST = "$(BUILT_PRODUCTS_DIR)/dailoz.app/dailoz";
			};
			name = Release;
		};
		C2F134C4277B4ACD0066075F /* Debug */ = {
			isa = XCBuildConfiguration;
			buildSettings = {
				ALWAYS_EMBED_SWIFT_STANDARD_LIBRARIES = YES;
				CODE_SIGN_STYLE = Automatic;
				CURRENT_PROJECT_VERSION = 1;
				DEVELOPMENT_TEAM = W3A8C3VT74;
				GENERATE_INFOPLIST_FILE = YES;
				MARKETING_VERSION = 1.0;
				PRODUCT_BUNDLE_IDENTIFIER = dev.appslix.dailozUITests;
				PRODUCT_NAME = "$(TARGET_NAME)";
				SWIFT_EMIT_LOC_STRINGS = NO;
				SWIFT_VERSION = 5.0;
				TARGETED_DEVICE_FAMILY = "1,2";
				TEST_TARGET_NAME = dailoz;
			};
			name = Debug;
		};
		C2F134C5277B4ACD0066075F /* Release */ = {
			isa = XCBuildConfiguration;
			buildSettings = {
				ALWAYS_EMBED_SWIFT_STANDARD_LIBRARIES = YES;
				CODE_SIGN_STYLE = Automatic;
				CURRENT_PROJECT_VERSION = 1;
				DEVELOPMENT_TEAM = W3A8C3VT74;
				GENERATE_INFOPLIST_FILE = YES;
				MARKETING_VERSION = 1.0;
				PRODUCT_BUNDLE_IDENTIFIER = dev.appslix.dailozUITests;
				PRODUCT_NAME = "$(TARGET_NAME)";
				SWIFT_EMIT_LOC_STRINGS = NO;
				SWIFT_VERSION = 5.0;
				TARGETED_DEVICE_FAMILY = "1,2";
				TEST_TARGET_NAME = dailoz;
			};
			name = Release;
		};
/* End XCBuildConfiguration section */

/* Begin XCConfigurationList section */
		C2F13494277B4ACA0066075F /* Build configuration list for PBXProject "dailoz" */ = {
			isa = XCConfigurationList;
			buildConfigurations = (
				C2F134BB277B4ACD0066075F /* Debug */,
				C2F134BC277B4ACD0066075F /* Release */,
			);
			defaultConfigurationIsVisible = 0;
			defaultConfigurationName = Release;
		};
		C2F134BD277B4ACD0066075F /* Build configuration list for PBXNativeTarget "dailoz" */ = {
			isa = XCConfigurationList;
			buildConfigurations = (
				C2F134BE277B4ACD0066075F /* Debug */,
				C2F134BF277B4ACD0066075F /* Release */,
			);
			defaultConfigurationIsVisible = 0;
			defaultConfigurationName = Release;
		};
		C2F134C0277B4ACD0066075F /* Build configuration list for PBXNativeTarget "dailozTests" */ = {
			isa = XCConfigurationList;
			buildConfigurations = (
				C2F134C1277B4ACD0066075F /* Debug */,
				C2F134C2277B4ACD0066075F /* Release */,
			);
			defaultConfigurationIsVisible = 0;
			defaultConfigurationName = Release;
		};
		C2F134C3277B4ACD0066075F /* Build configuration list for PBXNativeTarget "dailozUITests" */ = {
			isa = XCConfigurationList;
			buildConfigurations = (
				C2F134C4277B4ACD0066075F /* Debug */,
				C2F134C5277B4ACD0066075F /* Release */,
			);
			defaultConfigurationIsVisible = 0;
			defaultConfigurationName = Release;
		};
/* End XCConfigurationList section */
	};
	rootObject = C2F13491277B4ACA0066075F /* Project object */;
}
